
Microsoft Visual Studio Solution File, Format Version 12.00
# Visual Studio Version 16
VisualStudioVersion = 16.0.30225.117
MinimumVisualStudioVersion = 10.0.40219.1
Project("{FAE04EC0-301F-11D3-BF4B-00C04F79EFBC}") = "random_background", "random_background\random_background.csproj", "{C2173E42-382A-49DB-A7DE-85CB1B73311C}"
EndProject
Project("{FAE04EC0-301F-11D3-BF4B-00C04F79EFBC}") = "photo_information", "photo_information\photo_information.csproj", "{33B06CC3-6A1C-4E8B-9641-1EC4D8478CFC}"
EndProject
Global
	GlobalSection(SolutionConfigurationPlatforms) = preSolution
		Debug|Any CPU = Debug|Any CPU
		Release|Any CPU = Release|Any CPU
	EndGlobalSection
	GlobalSection(ProjectConfigurationPlatforms) = postSolution
		{C2173E42-382A-49DB-A7DE-85CB1B73311C}.Debug|Any CPU.ActiveCfg = Debug|Any CPU
		{C2173E42-382A-49DB-A7DE-85CB1B73311C}.Debug|Any CPU.Build.0 = Debug|Any CPU
		{C2173E42-382A-49DB-A7DE-85CB1B73311C}.Release|Any CPU.ActiveCfg = Release|Any CPU
		{C2173E42-382A-49DB-A7DE-85CB1B73311C}.Release|Any CPU.Build.0 = Release|Any CPU
		{33B06CC3-6A1C-4E8B-9641-1EC4D8478CFC}.Debug|Any CPU.ActiveCfg = Debug|Any CPU
		{33B06CC3-6A1C-4E8B-9641-1EC4D8478CFC}.Debug|Any CPU.Build.0 = Debug|Any CPU
		{33B06CC3-6A1C-4E8B-9641-1EC4D8478CFC}.Release|Any CPU.ActiveCfg = Release|Any CPU
		{33B06CC3-6A1C-4E8B-9641-1EC4D8478CFC}.Release|Any CPU.Build.0 = Release|Any CPU
	EndGlobalSection
	GlobalSection(SolutionProperties) = preSolution
		HideSolutionNode = FALSE
	EndGlobalSection
	GlobalSection(ExtensibilityGlobals) = postSolution
		SolutionGuid = {1C27B4E7-4D66-490A-8D2A-2B7043D46E43}
	EndGlobalSection
EndGlobal
